
Microsoft Visual Studio Solution File, Format Version 12.00
# Visual Studio Version 16
VisualStudioVersion = 16.0.31205.134
MinimumVisualStudioVersion = 10.0.40219.1
Project("{9A19103F-16F7-4668-BE54-9A1E7A4F7556}") = "LearningWASMClient", "LearningWASMClient\LearningWASMClient.csproj", "{EFF7DEC1-96D1-4E7F-AFE0-DCDAAAA407E4}"
EndProject
Project("{9A19103F-16F7-4668-BE54-9A1E7A4F7556}") = "Gmx", "Gmx\Gmx.csproj", "{06077EC4-6E34-44AB-8A9C-61D3C176952A}"
EndProject
Project("{9A19103F-16F7-4668-BE54-9A1E7A4F7556}") = "Resources", "Resources\Resources.csproj", "{B7F1EC1B-A2F8-4C33-8073-4AB05ABEA827}"
EndProject
Project("{9A19103F-16F7-4668-BE54-9A1E7A4F7556}") = "Models", "Models\Models.csproj", "{F26B462E-818D-4EE2-AB0F-AF9153FB4880}"
EndProject
Global
	GlobalSection(SolutionConfigurationPlatforms) = preSolution
		Debug|Any CPU = Debug|Any CPU
		Release|Any CPU = Release|Any CPU
	EndGlobalSection
	GlobalSection(ProjectConfigurationPlatforms) = postSolution
		{EFF7DEC1-96D1-4E7F-AFE0-DCDAAAA407E4}.Debug|Any CPU.ActiveCfg = Debug|Any CPU
		{EFF7DEC1-96D1-4E7F-AFE0-DCDAAAA407E4}.Debug|Any CPU.Build.0 = Debug|Any CPU
		{EFF7DEC1-96D1-4E7F-AFE0-DCDAAAA407E4}.Release|Any CPU.ActiveCfg = Release|Any CPU
		{EFF7DEC1-96D1-4E7F-AFE0-DCDAAAA407E4}.Release|Any CPU.Build.0 = Release|Any CPU
		{06077EC4-6E34-44AB-8A9C-61D3C176952A}.Debug|Any CPU.ActiveCfg = Debug|Any CPU
		{06077EC4-6E34-44AB-8A9C-61D3C176952A}.Debug|Any CPU.Build.0 = Debug|Any CPU
		{06077EC4-6E34-44AB-8A9C-61D3C176952A}.Release|Any CPU.ActiveCfg = Release|Any CPU
		{06077EC4-6E34-44AB-8A9C-61D3C176952A}.Release|Any CPU.Build.0 = Release|Any CPU
		{B7F1EC1B-A2F8-4C33-8073-4AB05ABEA827}.Debug|Any CPU.ActiveCfg = Debug|Any CPU
		{B7F1EC1B-A2F8-4C33-8073-4AB05ABEA827}.Debug|Any CPU.Build.0 = Debug|Any CPU
		{B7F1EC1B-A2F8-4C33-8073-4AB05ABEA827}.Release|Any CPU.ActiveCfg = Release|Any CPU
		{B7F1EC1B-A2F8-4C33-8073-4AB05ABEA827}.Release|Any CPU.Build.0 = Release|Any CPU
		{F26B462E-818D-4EE2-AB0F-AF9153FB4880}.Debug|Any CPU.ActiveCfg = Debug|Any CPU
		{F26B462E-818D-4EE2-AB0F-AF9153FB4880}.Debug|Any CPU.Build.0 = Debug|Any CPU
		{F26B462E-818D-4EE2-AB0F-AF9153FB4880}.Release|Any CPU.ActiveCfg = Release|Any CPU
		{F26B462E-818D-4EE2-AB0F-AF9153FB4880}.Release|Any CPU.Build.0 = Release|Any CPU
	EndGlobalSection
	GlobalSection(SolutionProperties) = preSolution
		HideSolutionNode = FALSE
	EndGlobalSection
	GlobalSection(ExtensibilityGlobals) = postSolution
		SolutionGuid = {D463F79E-F21E-40AD-B399-52C1B2DC7F0B}
	EndGlobalSection
EndGlobal
